
Microsoft Visual Studio Solution File, Format Version 12.00
# Visual Studio Version 16
VisualStudioVersion = 16.0.29503.13
MinimumVisualStudioVersion = 10.0.40219.1
Project("{FAE04EC0-301F-11D3-BF4B-00C04F79EFBC}") = "RabbitMQ.Producer", "RabbitMQ.Producer\RabbitMQ.Producer.csproj", "{662FAD82-4FD2-4BEF-A617-BC7F388FC9B7}"
EndProject
Project("{FAE04EC0-301F-11D3-BF4B-00C04F79EFBC}") = "RabbitMQ.Consumer", "RabbitMQ.Consumer\RabbitMQ.Consumer.csproj", "{687B2F63-6FD5-4D60-BF52-9CA3694E3198}"
EndProject
Global
	GlobalSection(SolutionConfigurationPlatforms) = preSolution
		Debug|Any CPU = Debug|Any CPU
		Release|Any CPU = Release|Any CPU
	EndGlobalSection
	GlobalSection(ProjectConfigurationPlatforms) = postSolution
		{662FAD82-4FD2-4BEF-A617-BC7F388FC9B7}.Debug|Any CPU.ActiveCfg = Debug|Any CPU
		{662FAD82-4FD2-4BEF-A617-BC7F388FC9B7}.Debug|Any CPU.Build.0 = Debug|Any CPU
		{662FAD82-4FD2-4BEF-A617-BC7F388FC9B7}.Release|Any CPU.ActiveCfg = Release|Any CPU
		{662FAD82-4FD2-4BEF-A617-BC7F388FC9B7}.Release|Any CPU.Build.0 = Release|Any CPU
		{687B2F63-6FD5-4D60-BF52-9CA3694E3198}.Debug|Any CPU.ActiveCfg = Debug|Any CPU
		{687B2F63-6FD5-4D60-BF52-9CA3694E3198}.Debug|Any CPU.Build.0 = Debug|Any CPU
		{687B2F63-6FD5-4D60-BF52-9CA3694E3198}.Release|Any CPU.ActiveCfg = Release|Any CPU
		{687B2F63-6FD5-4D60-BF52-9CA3694E3198}.Release|Any CPU.Build.0 = Release|Any CPU
	EndGlobalSection
	GlobalSection(SolutionProperties) = preSolution
		HideSolutionNode = FALSE
	EndGlobalSection
	GlobalSection(ExtensibilityGlobals) = postSolution
		SolutionGuid = {C1EE903A-9ADF-47C4-8EA6-87F3235E9F3D}
	EndGlobalSection
EndGlobal
